// !$*UTF8*$!
{
	archiveVersion = 1;
	classes = {
	};
	objectVersion = 46;
	objects = {

/* Begin PBXBuildFile section */
		88170CBF17AB1A4D0059FE25 /* UIKit.framework in Frameworks */ = {isa = PBXBuildFile; fileRef = 88170CBE17AB1A4D0059FE25 /* UIKit.framework */; };
		88170CC117AB1A4D0059FE25 /* Foundation.framework in Frameworks */ = {isa = PBXBuildFile; fileRef = 88170CC017AB1A4D0059FE25 /* Foundation.framework */; };
		88170CC317AB1A4D0059FE25 /* CoreGraphics.framework in Frameworks */ = {isa = PBXBuildFile; fileRef = 88170CC217AB1A4D0059FE25 /* CoreGraphics.framework */; };
		88170CC917AB1A4D0059FE25 /* InfoPlist.strings in Resources */ = {isa = PBXBuildFile; fileRef = 88170CC717AB1A4D0059FE25 /* InfoPlist.strings */; };
		88170CCB17AB1A4D0059FE25 /* main.m in Sources */ = {isa = PBXBuildFile; fileRef = 88170CCA17AB1A4D0059FE25 /* main.m */; };
		88170CCF17AB1A4D0059FE25 /* TFAppDelegate.m in Sources */ = {isa = PBXBuildFile; fileRef = 88170CCE17AB1A4D0059FE25 /* TFAppDelegate.m */; };
		88170CD117AB1A4D0059FE25 /* Default.png in Resources */ = {isa = PBXBuildFile; fileRef = 88170CD017AB1A4D0059FE25 /* Default.png */; };
		88170CD317AB1A4D0059FE25 /* Default@2x.png in Resources */ = {isa = PBXBuildFile; fileRef = 88170CD217AB1A4D0059FE25 /* Default@2x.png */; };
		88170CD517AB1A4D0059FE25 /* Default-568h@2x.png in Resources */ = {isa = PBXBuildFile; fileRef = 88170CD417AB1A4D0059FE25 /* Default-568h@2x.png */; };
		88170CD817AB1A4D0059FE25 /* MainStoryboard.storyboard in Resources */ = {isa = PBXBuildFile; fileRef = 88170CD617AB1A4D0059FE25 /* MainStoryboard.storyboard */; };
		88170CDB17AB1A4D0059FE25 /* TFViewController.m in Sources */ = {isa = PBXBuildFile; fileRef = 88170CDA17AB1A4D0059FE25 /* TFViewController.m */; };
		88170CE917AB2E470059FE25 /* TFGenderTableViewController.m in Sources */ = {isa = PBXBuildFile; fileRef = 88170CE817AB2E470059FE25 /* TFGenderTableViewController.m */; };
		88170CEC17AB2E620059FE25 /* TFGenderViewController.m in Sources */ = {isa = PBXBuildFile; fileRef = 88170CEB17AB2E620059FE25 /* TFGenderViewController.m */; };
		88170CEE17AB35FD0059FE25 /* plane.png in Resources */ = {isa = PBXBuildFile; fileRef = 88170CED17AB35FD0059FE25 /* plane.png */; };
		88170CF217AB44C50059FE25 /* TFModel.m in Sources */ = {isa = PBXBuildFile; fileRef = 88170CF117AB44C50059FE25 /* TFModel.m */; };
		88170CF517AB49690059FE25 /* TFBaseViewController.m in Sources */ = {isa = PBXBuildFile; fileRef = 88170CF417AB49690059FE25 /* TFBaseViewController.m */; };
		88170CF817AB4B690059FE25 /* TFBaseTableViewController.m in Sources */ = {isa = PBXBuildFile; fileRef = 88170CF717AB4B690059FE25 /* TFBaseTableViewController.m */; };
		88170CFE17AC1ED30059FE25 /* TFConstants.m in Sources */ = {isa = PBXBuildFile; fileRef = 88170CFD17AC1ED30059FE25 /* TFConstants.m */; };
		88170D0017AC33CD0059FE25 /* cellCheckmark.png in Resources */ = {isa = PBXBuildFile; fileRef = 88170CFF17AC33CD0059FE25 /* cellCheckmark.png */; };
		88170D0917AC4D2A0059FE25 /* TFEducationTableViewController.m in Sources */ = {isa = PBXBuildFile; fileRef = 88170D0817AC4D2A0059FE25 /* TFEducationTableViewController.m */; };
/* End PBXBuildFile section */

/* Begin PBXFileReference section */
		88170CBB17AB1A4D0059FE25 /* ToothFairy.app */ = {isa = PBXFileReference; explicitFileType = wrapper.application; includeInIndex = 0; path = ToothFairy.app; sourceTree = BUILT_PRODUCTS_DIR; };
		88170CBE17AB1A4D0059FE25 /* UIKit.framework */ = {isa = PBXFileReference; lastKnownFileType = wrapper.framework; name = UIKit.framework; path = System/Library/Frameworks/UIKit.framework; sourceTree = SDKROOT; };
		88170CC017AB1A4D0059FE25 /* Foundation.framework */ = {isa = PBXFileReference; lastKnownFileType = wrapper.framework; name = Foundation.framework; path = System/Library/Frameworks/Foundation.framework; sourceTree = SDKROOT; };
		88170CC217AB1A4D0059FE25 /* CoreGraphics.framework */ = {isa = PBXFileReference; lastKnownFileType = wrapper.framework; name = CoreGraphics.framework; path = System/Library/Frameworks/CoreGraphics.framework; sourceTree = SDKROOT; };
		88170CC617AB1A4D0059FE25 /* ToothFairy-Info.plist */ = {isa = PBXFileReference; lastKnownFileType = text.plist.xml; path = "ToothFairy-Info.plist"; sourceTree = "<group>"; };
		88170CC817AB1A4D0059FE25 /* en */ = {isa = PBXFileReference; lastKnownFileType = text.plist.strings; name = en; path = en.lproj/InfoPlist.strings; sourceTree = "<group>"; };
		88170CCA17AB1A4D0059FE25 /* main.m */ = {isa = PBXFileReference; lastKnownFileType = sourcecode.c.objc; path = main.m; sourceTree = "<group>"; };
		88170CCC17AB1A4D0059FE25 /* ToothFairy-Prefix.pch */ = {isa = PBXFileReference; lastKnownFileType = sourcecode.c.h; path = "ToothFairy-Prefix.pch"; sourceTree = "<group>"; };
		88170CCD17AB1A4D0059FE25 /* TFAppDelegate.h */ = {isa = PBXFileReference; lastKnownFileType = sourcecode.c.h; path = TFAppDelegate.h; sourceTree = "<group>"; };
		88170CCE17AB1A4D0059FE25 /* TFAppDelegate.m */ = {isa = PBXFileReference; lastKnownFileType = sourcecode.c.objc; path = TFAppDelegate.m; sourceTree = "<group>"; };
		88170CD017AB1A4D0059FE25 /* Default.png */ = {isa = PBXFileReference; lastKnownFileType = image.png; path = Default.png; sourceTree = "<group>"; };
		88170CD217AB1A4D0059FE25 /* Default@2x.png */ = {isa = PBXFileReference; lastKnownFileType = image.png; path = "Default@2x.png"; sourceTree = "<group>"; };
		88170CD417AB1A4D0059FE25 /* Default-568h@2x.png */ = {isa = PBXFileReference; lastKnownFileType = image.png; path = "Default-568h@2x.png"; sourceTree = "<group>"; };
		88170CD717AB1A4D0059FE25 /* en */ = {isa = PBXFileReference; lastKnownFileType = file.storyboard; name = en; path = en.lproj/MainStoryboard.storyboard; sourceTree = "<group>"; };
		88170CD917AB1A4D0059FE25 /* TFViewController.h */ = {isa = PBXFileReference; lastKnownFileType = sourcecode.c.h; path = TFViewController.h; sourceTree = "<group>"; };
		88170CDA17AB1A4D0059FE25 /* TFViewController.m */ = {isa = PBXFileReference; lastKnownFileType = sourcecode.c.objc; path = TFViewController.m; sourceTree = "<group>"; };
		88170CE717AB2E470059FE25 /* TFGenderTableViewController.h */ = {isa = PBXFileReference; fileEncoding = 4; lastKnownFileType = sourcecode.c.h; path = TFGenderTableViewController.h; sourceTree = "<group>"; };
		88170CE817AB2E470059FE25 /* TFGenderTableViewController.m */ = {isa = PBXFileReference; fileEncoding = 4; lastKnownFileType = sourcecode.c.objc; path = TFGenderTableViewController.m; sourceTree = "<group>"; };
		88170CEA17AB2E620059FE25 /* TFGenderViewController.h */ = {isa = PBXFileReference; fileEncoding = 4; lastKnownFileType = sourcecode.c.h; path = TFGenderViewController.h; sourceTree = "<group>"; };
		88170CEB17AB2E620059FE25 /* TFGenderViewController.m */ = {isa = PBXFileReference; fileEncoding = 4; lastKnownFileType = sourcecode.c.objc; path = TFGenderViewController.m; sourceTree = "<group>"; };
		88170CED17AB35FD0059FE25 /* plane.png */ = {isa = PBXFileReference; lastKnownFileType = image.png; path = plane.png; sourceTree = "<group>"; };
		88170CF017AB44C50059FE25 /* TFModel.h */ = {isa = PBXFileReference; fileEncoding = 4; lastKnownFileType = sourcecode.c.h; path = TFModel.h; sourceTree = "<group>"; };
		88170CF117AB44C50059FE25 /* TFModel.m */ = {isa = PBXFileReference; fileEncoding = 4; lastKnownFileType = sourcecode.c.objc; path = TFModel.m; sourceTree = "<group>"; };
		88170CF317AB49690059FE25 /* TFBaseViewController.h */ = {isa = PBXFileReference; fileEncoding = 4; lastKnownFileType = sourcecode.c.h; path = TFBaseViewController.h; sourceTree = "<group>"; };
		88170CF417AB49690059FE25 /* TFBaseViewController.m */ = {isa = PBXFileReference; fileEncoding = 4; lastKnownFileType = sourcecode.c.objc; path = TFBaseViewController.m; sourceTree = "<group>"; };
		88170CF617AB4B690059FE25 /* TFBaseTableViewController.h */ = {isa = PBXFileReference; fileEncoding = 4; lastKnownFileType = sourcecode.c.h; path = TFBaseTableViewController.h; sourceTree = "<group>"; };
		88170CF717AB4B690059FE25 /* TFBaseTableViewController.m */ = {isa = PBXFileReference; fileEncoding = 4; lastKnownFileType = sourcecode.c.objc; path = TFBaseTableViewController.m; sourceTree = "<group>"; };
		88170CFC17AC1ED30059FE25 /* TFConstants.h */ = {isa = PBXFileReference; fileEncoding = 4; lastKnownFileType = sourcecode.c.h; path = TFConstants.h; sourceTree = "<group>"; };
		88170CFD17AC1ED30059FE25 /* TFConstants.m */ = {isa = PBXFileReference; fileEncoding = 4; lastKnownFileType = sourcecode.c.objc; path = TFConstants.m; sourceTree = "<group>"; };
		88170CFF17AC33CD0059FE25 /* cellCheckmark.png */ = {isa = PBXFileReference; lastKnownFileType = image.png; path = cellCheckmark.png; sourceTree = "<group>"; };
		88170D0717AC4D2A0059FE25 /* TFEducationTableViewController.h */ = {isa = PBXFileReference; fileEncoding = 4; lastKnownFileType = sourcecode.c.h; path = TFEducationTableViewController.h; sourceTree = "<group>"; };
		88170D0817AC4D2A0059FE25 /* TFEducationTableViewController.m */ = {isa = PBXFileReference; fileEncoding = 4; lastKnownFileType = sourcecode.c.objc; path = TFEducationTableViewController.m; sourceTree = "<group>"; };
/* End PBXFileReference section */

/* Begin PBXFrameworksBuildPhase section */
		88170CB817AB1A4D0059FE25 /* Frameworks */ = {
			isa = PBXFrameworksBuildPhase;
			buildActionMask = 2147483647;
			files = (
				88170CBF17AB1A4D0059FE25 /* UIKit.framework in Frameworks */,
				88170CC117AB1A4D0059FE25 /* Foundation.framework in Frameworks */,
				88170CC317AB1A4D0059FE25 /* CoreGraphics.framework in Frameworks */,
			);
			runOnlyForDeploymentPostprocessing = 0;
		};
/* End PBXFrameworksBuildPhase section */

/* Begin PBXGroup section */
		88170CB217AB1A4D0059FE25 = {
			isa = PBXGroup;
			children = (
				88170D0717AC4D2A0059FE25 /* TFEducationTableViewController.h */,
				88170D0817AC4D2A0059FE25 /* TFEducationTableViewController.m */,
				88170CC417AB1A4D0059FE25 /* ToothFairy */,
				88170CBD17AB1A4D0059FE25 /* Frameworks */,
				88170CBC17AB1A4D0059FE25 /* Products */,
			);
			sourceTree = "<group>";
		};
		88170CBC17AB1A4D0059FE25 /* Products */ = {
			isa = PBXGroup;
			children = (
				88170CBB17AB1A4D0059FE25 /* ToothFairy.app */,
			);
			name = Products;
			sourceTree = "<group>";
		};
		88170CBD17AB1A4D0059FE25 /* Frameworks */ = {
			isa = PBXGroup;
			children = (
				88170CBE17AB1A4D0059FE25 /* UIKit.framework */,
				88170CC017AB1A4D0059FE25 /* Foundation.framework */,
				88170CC217AB1A4D0059FE25 /* CoreGraphics.framework */,
			);
			name = Frameworks;
			sourceTree = "<group>";
		};
		88170CC417AB1A4D0059FE25 /* ToothFairy */ = {
			isa = PBXGroup;
			children = (
				88170CCD17AB1A4D0059FE25 /* TFAppDelegate.h */,
				88170CCE17AB1A4D0059FE25 /* TFAppDelegate.m */,
				88170CF917AB4B720059FE25 /* Base */,
				88170CD617AB1A4D0059FE25 /* MainStoryboard.storyboard */,
				88170CFB17AB4B990059FE25 /* Controler */,
				88170CFA17AB4B820059FE25 /* Model */,
				88170CC517AB1A4D0059FE25 /* Supporting Files */,
			);
			path = ToothFairy;
			sourceTree = "<group>";
		};
		88170CC517AB1A4D0059FE25 /* Supporting Files */ = {
			isa = PBXGroup;
			children = (
				88170CEF17AB36020059FE25 /* Images */,
				88170CC617AB1A4D0059FE25 /* ToothFairy-Info.plist */,
				88170CC717AB1A4D0059FE25 /* InfoPlist.strings */,
				88170CCA17AB1A4D0059FE25 /* main.m */,
				88170CCC17AB1A4D0059FE25 /* ToothFairy-Prefix.pch */,
				88170CD017AB1A4D0059FE25 /* Default.png */,
				88170CD217AB1A4D0059FE25 /* Default@2x.png */,
				88170CD417AB1A4D0059FE25 /* Default-568h@2x.png */,
			);
			name = "Supporting Files";
			sourceTree = "<group>";
		};
		88170CEF17AB36020059FE25 /* Images */ = {
			isa = PBXGroup;
			children = (
				88170CFF17AC33CD0059FE25 /* cellCheckmark.png */,
				88170CED17AB35FD0059FE25 /* plane.png */,
			);
			name = Images;
			sourceTree = "<group>";
		};
		88170CF917AB4B720059FE25 /* Base */ = {
			isa = PBXGroup;
			children = (
				88170CF317AB49690059FE25 /* TFBaseViewController.h */,
				88170CF417AB49690059FE25 /* TFBaseViewController.m */,
				88170CF617AB4B690059FE25 /* TFBaseTableViewController.h */,
				88170CF717AB4B690059FE25 /* TFBaseTableViewController.m */,
				88170CFC17AC1ED30059FE25 /* TFConstants.h */,
				88170CFD17AC1ED30059FE25 /* TFConstants.m */,
			);
			name = Base;
			sourceTree = "<group>";
		};
		88170CFA17AB4B820059FE25 /* Model */ = {
			isa = PBXGroup;
			children = (
				88170CF017AB44C50059FE25 /* TFModel.h */,
				88170CF117AB44C50059FE25 /* TFModel.m */,
			);
			name = Model;
			sourceTree = "<group>";
		};
		88170CFB17AB4B990059FE25 /* Controler */ = {
			isa = PBXGroup;
			children = (
				88170CE717AB2E470059FE25 /* TFGenderTableViewController.h */,
				88170CE817AB2E470059FE25 /* TFGenderTableViewController.m */,
				88170CEA17AB2E620059FE25 /* TFGenderViewController.h */,
				88170CEB17AB2E620059FE25 /* TFGenderViewController.m */,
				88170CD917AB1A4D0059FE25 /* TFViewController.h */,
				88170CDA17AB1A4D0059FE25 /* TFViewController.m */,
			);
			name = Controler;
			sourceTree = "<group>";
		};
/* End PBXGroup section */

/* Begin PBXNativeTarget section */
		88170CBA17AB1A4D0059FE25 /* ToothFairy */ = {
			isa = PBXNativeTarget;
			buildConfigurationList = 88170CDE17AB1A4D0059FE25 /* Build configuration list for PBXNativeTarget "ToothFairy" */;
			buildPhases = (
				88170CB717AB1A4D0059FE25 /* Sources */,
				88170CB817AB1A4D0059FE25 /* Frameworks */,
				88170CB917AB1A4D0059FE25 /* Resources */,
			);
			buildRules = (
			);
			dependencies = (
			);
			name = ToothFairy;
			productName = ToothFairy;
			productReference = 88170CBB17AB1A4D0059FE25 /* ToothFairy.app */;
			productType = "com.apple.product-type.application";
		};
/* End PBXNativeTarget section */

/* Begin PBXProject section */
		88170CB317AB1A4D0059FE25 /* Project object */ = {
			isa = PBXProject;
			attributes = {
				CLASSPREFIX = TF;
				LastUpgradeCheck = 0460;
				ORGANIZATIONNAME = sevendesign;
			};
			buildConfigurationList = 88170CB617AB1A4D0059FE25 /* Build configuration list for PBXProject "ToothFairy" */;
			compatibilityVersion = "Xcode 3.2";
			developmentRegion = English;
			hasScannedForEncodings = 0;
			knownRegions = (
				en,
			);
			mainGroup = 88170CB217AB1A4D0059FE25;
			productRefGroup = 88170CBC17AB1A4D0059FE25 /* Products */;
			projectDirPath = "";
			projectRoot = "";
			targets = (
				88170CBA17AB1A4D0059FE25 /* ToothFairy */,
			);
		};
/* End PBXProject section */

/* Begin PBXResourcesBuildPhase section */
		88170CB917AB1A4D0059FE25 /* Resources */ = {
			isa = PBXResourcesBuildPhase;
			buildActionMask = 2147483647;
			files = (
				88170CC917AB1A4D0059FE25 /* InfoPlist.strings in Resources */,
				88170CD117AB1A4D0059FE25 /* Default.png in Resources */,
				88170CD317AB1A4D0059FE25 /* Default@2x.png in Resources */,
				88170CD517AB1A4D0059FE25 /* Default-568h@2x.png in Resources */,
				88170CD817AB1A4D0059FE25 /* MainStoryboard.storyboard in Resources */,
				88170CEE17AB35FD0059FE25 /* plane.png in Resources */,
				88170D0017AC33CD0059FE25 /* cellCheckmark.png in Resources */,
			);
			runOnlyForDeploymentPostprocessing = 0;
		};
/* End PBXResourcesBuildPhase section */

/* Begin PBXSourcesBuildPhase section */
		88170CB717AB1A4D0059FE25 /* Sources */ = {
			isa = PBXSourcesBuildPhase;
			buildActionMask = 2147483647;
			files = (
				88170CCB17AB1A4D0059FE25 /* main.m in Sources */,
				88170CCF17AB1A4D0059FE25 /* TFAppDelegate.m in Sources */,
				88170CDB17AB1A4D0059FE25 /* TFViewController.m in Sources */,
				88170CE917AB2E470059FE25 /* TFGenderTableViewController.m in Sources */,
				88170CEC17AB2E620059FE25 /* TFGenderViewController.m in Sources */,
				88170CF217AB44C50059FE25 /* TFModel.m in Sources */,
				88170CF517AB49690059FE25 /* TFBaseViewController.m in Sources */,
				88170CF817AB4B690059FE25 /* TFBaseTableViewController.m in Sources */,
				88170CFE17AC1ED30059FE25 /* TFConstants.m in Sources */,
				88170D0917AC4D2A0059FE25 /* TFEducationTableViewController.m in Sources */,
			);
			runOnlyForDeploymentPostprocessing = 0;
		};
/* End PBXSourcesBuildPhase section */

/* Begin PBXVariantGroup section */
		88170CC717AB1A4D0059FE25 /* InfoPlist.strings */ = {
			isa = PBXVariantGroup;
			children = (
				88170CC817AB1A4D0059FE25 /* en */,
			);
			name = InfoPlist.strings;
			sourceTree = "<group>";
		};
		88170CD617AB1A4D0059FE25 /* MainStoryboard.storyboard */ = {
			isa = PBXVariantGroup;
			children = (
				88170CD717AB1A4D0059FE25 /* en */,
			);
			name = MainStoryboard.storyboard;
			sourceTree = "<group>";
		};
/* End PBXVariantGroup section */

/* Begin XCBuildConfiguration section */
		88170CDC17AB1A4D0059FE25 /* Debug */ = {
			isa = XCBuildConfiguration;
			buildSettings = {
				ALWAYS_SEARCH_USER_PATHS = NO;
				CLANG_CXX_LANGUAGE_STANDARD = "gnu++0x";
				CLANG_CXX_LIBRARY = "libc++";
				CLANG_ENABLE_OBJC_ARC = YES;
				CLANG_WARN_CONSTANT_CONVERSION = YES;
				CLANG_WARN_EMPTY_BODY = YES;
				CLANG_WARN_ENUM_CONVERSION = YES;
				CLANG_WARN_INT_CONVERSION = YES;
				CLANG_WARN__DUPLICATE_METHOD_MATCH = YES;
				"CODE_SIGN_IDENTITY[sdk=iphoneos*]" = "iPhone Developer";
				COPY_PHASE_STRIP = NO;
				GCC_C_LANGUAGE_STANDARD = gnu99;
				GCC_DYNAMIC_NO_PIC = NO;
				GCC_OPTIMIZATION_LEVEL = 0;
				GCC_PREPROCESSOR_DEFINITIONS = (
					"DEBUG=1",
					"$(inherited)",
				);
				GCC_SYMBOLS_PRIVATE_EXTERN = NO;
				GCC_WARN_ABOUT_RETURN_TYPE = YES;
				GCC_WARN_UNINITIALIZED_AUTOS = YES;
				GCC_WARN_UNUSED_VARIABLE = YES;
				IPHONEOS_DEPLOYMENT_TARGET = 6.1;
				ONLY_ACTIVE_ARCH = YES;
				SDKROOT = iphoneos;
			};
			name = Debug;
		};
		88170CDD17AB1A4D0059FE25 /* Release */ = {
			isa = XCBuildConfiguration;
			buildSettings = {
				ALWAYS_SEARCH_USER_PATHS = NO;
				CLANG_CXX_LANGUAGE_STANDARD = "gnu++0x";
				CLANG_CXX_LIBRARY = "libc++";
				CLANG_ENABLE_OBJC_ARC = YES;
				CLANG_WARN_CONSTANT_CONVERSION = YES;
				CLANG_WARN_EMPTY_BODY = YES;
				CLANG_WARN_ENUM_CONVERSION = YES;
				CLANG_WARN_INT_CONVERSION = YES;
				CLANG_WARN__DUPLICATE_METHOD_MATCH = YES;
				"CODE_SIGN_IDENTITY[sdk=iphoneos*]" = "iPhone Developer";
				COPY_PHASE_STRIP = YES;
				GCC_C_LANGUAGE_STANDARD = gnu99;
				GCC_WARN_ABOUT_RETURN_TYPE = YES;
				GCC_WARN_UNINITIALIZED_AUTOS = YES;
				GCC_WARN_UNUSED_VARIABLE = YES;
				IPHONEOS_DEPLOYMENT_TARGET = 6.1;
				OTHER_CFLAGS = "-DNS_BLOCK_ASSERTIONS=1";
				SDKROOT = iphoneos;
				VALIDATE_PRODUCT = YES;
			};
			name = Release;
		};
		88170CDF17AB1A4D0059FE25 /* Debug */ = {
			isa = XCBuildConfiguration;
			buildSettings = {
				GCC_PRECOMPILE_PREFIX_HEADER = YES;
				GCC_PREFIX_HEADER = "ToothFairy/ToothFairy-Prefix.pch";
				INFOPLIST_FILE = "ToothFairy/ToothFairy-Info.plist";
				PRODUCT_NAME = "$(TARGET_NAME)";
				WRAPPER_EXTENSION = app;
			};
			name = Debug;
		};
		88170CE017AB1A4D0059FE25 /* Release */ = {
			isa = XCBuildConfiguration;
			buildSettings = {
				GCC_PRECOMPILE_PREFIX_HEADER = YES;
				GCC_PREFIX_HEADER = "ToothFairy/ToothFairy-Prefix.pch";
				INFOPLIST_FILE = "ToothFairy/ToothFairy-Info.plist";
				PRODUCT_NAME = "$(TARGET_NAME)";
				WRAPPER_EXTENSION = app;
			};
			name = Release;
		};
/* End XCBuildConfiguration section */

/* Begin XCConfigurationList section */
		88170CB617AB1A4D0059FE25 /* Build configuration list for PBXProject "ToothFairy" */ = {
			isa = XCConfigurationList;
			buildConfigurations = (
				88170CDC17AB1A4D0059FE25 /* Debug */,
				88170CDD17AB1A4D0059FE25 /* Release */,
			);
			defaultConfigurationIsVisible = 0;
			defaultConfigurationName = Release;
		};
		88170CDE17AB1A4D0059FE25 /* Build configuration list for PBXNativeTarget "ToothFairy" */ = {
			isa = XCConfigurationList;
			buildConfigurations = (
				88170CDF17AB1A4D0059FE25 /* Debug */,
				88170CE017AB1A4D0059FE25 /* Release */,
			);
			defaultConfigurationIsVisible = 0;
		};
/* End XCConfigurationList section */
	};
	rootObject = 88170CB317AB1A4D0059FE25 /* Project object */;
}
