// !$*UTF8*$!
{
	archiveVersion = 1;
	classes = {
	};
	objectVersion = 46;
	objects = {

/* Begin PBXBuildFile section */
		88170CBF17AB1A4D0059FE25 /* UIKit.framework in Frameworks */ = {isa = PBXBuildFile; fileRef = 88170CBE17AB1A4D0059FE25 /* UIKit.framework */; };
		88170CC117AB1A4D0059FE25 /* Foundation.framework in Frameworks */ = {isa = PBXBuildFile; fileRef = 88170CC017AB1A4D0059FE25 /* Foundation.framework */; };
		88170CC317AB1A4D0059FE25 /* CoreGraphics.framework in Frameworks */ = {isa = PBXBuildFile; fileRef = 88170CC217AB1A4D0059FE25 /* CoreGraphics.framework */; };
		88170CC917AB1A4D0059FE25 /* InfoPlist.strings in Resources */ = {isa = PBXBuildFile; fileRef = 88170CC717AB1A4D0059FE25 /* InfoPlist.strings */; };
		88170CCB17AB1A4D0059FE25 /* main.m in Sources */ = {isa = PBXBuildFile; fileRef = 88170CCA17AB1A4D0059FE25 /* main.m */; };
		88170CCF17AB1A4D0059FE25 /* TFAppDelegate.m in Sources */ = {isa = PBXBuildFile; fileRef = 88170CCE17AB1A4D0059FE25 /* TFAppDelegate.m */; };
		88170CD117AB1A4D0059FE25 /* Default.png in Resources */ = {isa = PBXBuildFile; fileRef = 88170CD017AB1A4D0059FE25 /* Default.png */; };
		88170CD317AB1A4D0059FE25 /* Default@2x.png in Resources */ = {isa = PBXBuildFile; fileRef = 88170CD217AB1A4D0059FE25 /* Default@2x.png */; };
		88170CD517AB1A4D0059FE25 /* Default-568h@2x.png in Resources */ = {isa = PBXBuildFile; fileRef = 88170CD417AB1A4D0059FE25 /* Default-568h@2x.png */; };
		88170CD817AB1A4D0059FE25 /* MainStoryboard.storyboard in Resources */ = {isa = PBXBuildFile; fileRef = 88170CD617AB1A4D0059FE25 /* MainStoryboard.storyboard */; };
		88170CDB17AB1A4D0059FE25 /* TFViewController.m in Sources */ = {isa = PBXBuildFile; fileRef = 88170CDA17AB1A4D0059FE25 /* TFViewController.m */; };
		88170CE917AB2E470059FE25 /* TFGenderTableViewController.m in Sources */ = {isa = PBXBuildFile; fileRef = 88170CE817AB2E470059FE25 /* TFGenderTableViewController.m */; };
		88170CEC17AB2E620059FE25 /* TFGenderViewController.m in Sources */ = {isa = PBXBuildFile; fileRef = 88170CEB17AB2E620059FE25 /* TFGenderViewController.m */; };
		88170CEE17AB35FD0059FE25 /* plane.png in Resources */ = {isa = PBXBuildFile; fileRef = 88170CED17AB35FD0059FE25 /* plane.png */; };
		88170CF217AB44C50059FE25 /* TFModel.m in Sources */ = {isa = PBXBuildFile; fileRef = 88170CF117AB44C50059FE25 /* TFModel.m */; };
		88170CF517AB49690059FE25 /* TFBaseViewController.m in Sources */ = {isa = PBXBuildFile; fileRef = 88170CF417AB49690059FE25 /* TFBaseViewController.m */; };
		88170CF817AB4B690059FE25 /* TFBaseTableViewController.m in Sources */ = {isa = PBXBuildFile; fileRef = 88170CF717AB4B690059FE25 /* TFBaseTableViewController.m */; };
		88170CFE17AC1ED30059FE25 /* TFConstants.m in Sources */ = {isa = PBXBuildFile; fileRef = 88170CFD17AC1ED30059FE25 /* TFConstants.m */; };
		88170D0017AC33CD0059FE25 /* cellCheckmark.png in Resources */ = {isa = PBXBuildFile; fileRef = 88170CFF17AC33CD0059FE25 /* cellCheckmark.png */; };
		88170D0917AC4D2A0059FE25 /* TFEducationTableViewController.m in Sources */ = {isa = PBXBuildFile; fileRef = 88170D0817AC4D2A0059FE25 /* TFEducationTableViewController.m */; };
		88170D0C17AC51650059FE25 /* TFEducationViewController.m in Sources */ = {isa = PBXBuildFile; fileRef = 88170D0B17AC51650059FE25 /* TFEducationViewController.m */; };
		88170D0F17AC69510059FE25 /* TFAgeViewController.m in Sources */ = {isa = PBXBuildFile; fileRef = 88170D0E17AC69500059FE25 /* TFAgeViewController.m */; };
		88170D1217AC69660059FE25 /* TFIncomeViewController.m in Sources */ = {isa = PBXBuildFile; fileRef = 88170D1117AC69650059FE25 /* TFIncomeViewController.m */; };
		88170D1417AC7B4B0059FE25 /* startBackground.png in Resources */ = {isa = PBXBuildFile; fileRef = 88170D1317AC7B4B0059FE25 /* startBackground.png */; };
		88170D1717AC7FCE0059FE25 /* TFStartViewController.m in Sources */ = {isa = PBXBuildFile; fileRef = 88170D1617AC7FCD0059FE25 /* TFStartViewController.m */; };
		88170D1917AC9AB90059FE25 /* QuartzCore.framework in Frameworks */ = {isa = PBXBuildFile; fileRef = 88170D1817AC9AB90059FE25 /* QuartzCore.framework */; };
		88170D1F17AC9C820059FE25 /* TRSDialScrollView.m in Sources */ = {isa = PBXBuildFile; fileRef = 88170D1C17AC9C820059FE25 /* TRSDialScrollView.m */; };
		88170D2017AC9C820059FE25 /* TRSDialView.m in Sources */ = {isa = PBXBuildFile; fileRef = 88170D1E17AC9C820059FE25 /* TRSDialView.m */; };
		88170D2317AC9DEF0059FE25 /* DialShading.png in Resources */ = {isa = PBXBuildFile; fileRef = 88170D2117AC9DEF0059FE25 /* DialShading.png */; };
		88170D2417AC9DEF0059FE25 /* DialBackground.png in Resources */ = {isa = PBXBuildFile; fileRef = 88170D2217AC9DEF0059FE25 /* DialBackground.png */; };
		88170D2617AF76060059FE25 /* downArrow@2x.png in Resources */ = {isa = PBXBuildFile; fileRef = 88170D2517AF76050059FE25 /* downArrow@2x.png */; };
		88170D2917AFFA760059FE25 /* startButtonNormal@2x.png in Resources */ = {isa = PBXBuildFile; fileRef = 88170D2717AFFA750059FE25 /* startButtonNormal@2x.png */; };
		88170D2A17AFFA760059FE25 /* startButtonPressed@2x.png in Resources */ = {isa = PBXBuildFile; fileRef = 88170D2817AFFA760059FE25 /* startButtonPressed@2x.png */; };
		88170D2D17B004580059FE25 /* startButtonNormal.png in Resources */ = {isa = PBXBuildFile; fileRef = 88170D2B17B004570059FE25 /* startButtonNormal.png */; };
		88170D2E17B004580059FE25 /* startButtonPressed.png in Resources */ = {isa = PBXBuildFile; fileRef = 88170D2C17B004580059FE25 /* startButtonPressed.png */; };
		885B8AE617B00899009284D2 /* HelveticaRoundedLTStd-Black.otf in Resources */ = {isa = PBXBuildFile; fileRef = 885B8AC317B00899009284D2 /* HelveticaRoundedLTStd-Black.otf */; };
		885B8AE717B00899009284D2 /* HelveticaRoundedLTStd-Bd.otf in Resources */ = {isa = PBXBuildFile; fileRef = 885B8AC517B00899009284D2 /* HelveticaRoundedLTStd-Bd.otf */; };
		885B8AE817B00899009284D2 /* HelveticaRoundedLTStd-BdO.otf in Resources */ = {isa = PBXBuildFile; fileRef = 885B8AC717B00899009284D2 /* HelveticaRoundedLTStd-BdO.otf */; };
		885B8B0917B0195F009284D2 /* toofFairyLogo.png in Resources */ = {isa = PBXBuildFile; fileRef = 885B8B0717B0195F009284D2 /* toofFairyLogo.png */; };
		885B8B0A17B0195F009284D2 /* toofFairyLogo@2x.png in Resources */ = {isa = PBXBuildFile; fileRef = 885B8B0817B0195F009284D2 /* toofFairyLogo@2x.png */; };
		885B8B0D17B01CA3009284D2 /* startViewBackgroundComposed.png in Resources */ = {isa = PBXBuildFile; fileRef = 885B8B0B17B01CA3009284D2 /* startViewBackgroundComposed.png */; };
		885B8B0E17B01CA3009284D2 /* startViewBackgroundComposed@2x.png in Resources */ = {isa = PBXBuildFile; fileRef = 885B8B0C17B01CA3009284D2 /* startViewBackgroundComposed@2x.png */; };
		885B8B1117B02B04009284D2 /* genderViewBackgroundComposed.png in Resources */ = {isa = PBXBuildFile; fileRef = 885B8B0F17B02B04009284D2 /* genderViewBackgroundComposed.png */; };
		885B8B1217B02B04009284D2 /* genderViewBackgroundComposed@2x.png in Resources */ = {isa = PBXBuildFile; fileRef = 885B8B1017B02B04009284D2 /* genderViewBackgroundComposed@2x.png */; };
		885B8B1617B02E15009284D2 /* cellCheckmark@2x.png in Resources */ = {isa = PBXBuildFile; fileRef = 885B8B1417B02E15009284D2 /* cellCheckmark@2x.png */; };
		885B8B1B17B04CA4009284D2 /* backgroundInterior.png in Resources */ = {isa = PBXBuildFile; fileRef = 885B8B1817B04CA4009284D2 /* backgroundInterior.png */; };
		885B8B1E17B04DF8009284D2 /* backgroundInterior-568h@2x.png in Resources */ = {isa = PBXBuildFile; fileRef = 885B8B1D17B04DF8009284D2 /* backgroundInterior-568h@2x.png */; };
		885B8B2017B04E5D009284D2 /* backgroundInterior@2x.png in Resources */ = {isa = PBXBuildFile; fileRef = 885B8B1F17B04E5D009284D2 /* backgroundInterior@2x.png */; };
		885B8B2217B05B51009284D2 /* backgroundTileBlue.png in Resources */ = {isa = PBXBuildFile; fileRef = 885B8B2117B05B51009284D2 /* backgroundTileBlue.png */; };
		885B8B2617B0B21B009284D2 /* StyledTableViewCell.m in Sources */ = {isa = PBXBuildFile; fileRef = 885B8B2517B0B21B009284D2 /* StyledTableViewCell.m */; };
		885B8B2917B0C042009284D2 /* dottedLine.png in Resources */ = {isa = PBXBuildFile; fileRef = 885B8B2817B0C042009284D2 /* dottedLine.png */; };
		885B8B2B17B0C584009284D2 /* backgroundTileBlueDotted.png in Resources */ = {isa = PBXBuildFile; fileRef = 885B8B2A17B0C584009284D2 /* backgroundTileBlueDotted.png */; };
		885B8B2E17B2010E009284D2 /* downArrow.png in Resources */ = {isa = PBXBuildFile; fileRef = 885B8B2C17B2010E009284D2 /* downArrow.png */; };
		885B8B2F17B2010E009284D2 /* downArrow@2x.png in Resources */ = {isa = PBXBuildFile; fileRef = 885B8B2D17B2010E009284D2 /* downArrow@2x.png */; };
		885B8BA417B414C9009284D2 /* TFCell.xib in Resources */ = {isa = PBXBuildFile; fileRef = 885B8BA317B414C8009284D2 /* TFCell.xib */; };
		885B8BA717B4150F009284D2 /* TFCell.m in Sources */ = {isa = PBXBuildFile; fileRef = 885B8BA617B4150F009284D2 /* TFCell.m */; };
/* End PBXBuildFile section */

/* Begin PBXFileReference section */
		88170CBB17AB1A4D0059FE25 /* ToothFairy.app */ = {isa = PBXFileReference; explicitFileType = wrapper.application; includeInIndex = 0; path = ToothFairy.app; sourceTree = BUILT_PRODUCTS_DIR; };
		88170CBE17AB1A4D0059FE25 /* UIKit.framework */ = {isa = PBXFileReference; lastKnownFileType = wrapper.framework; name = UIKit.framework; path = System/Library/Frameworks/UIKit.framework; sourceTree = SDKROOT; };
		88170CC017AB1A4D0059FE25 /* Foundation.framework */ = {isa = PBXFileReference; lastKnownFileType = wrapper.framework; name = Foundation.framework; path = System/Library/Frameworks/Foundation.framework; sourceTree = SDKROOT; };
		88170CC217AB1A4D0059FE25 /* CoreGraphics.framework */ = {isa = PBXFileReference; lastKnownFileType = wrapper.framework; name = CoreGraphics.framework; path = System/Library/Frameworks/CoreGraphics.framework; sourceTree = SDKROOT; };
		88170CC617AB1A4D0059FE25 /* ToothFairy-Info.plist */ = {isa = PBXFileReference; lastKnownFileType = text.plist.xml; path = "ToothFairy-Info.plist"; sourceTree = "<group>"; };
		88170CC817AB1A4D0059FE25 /* en */ = {isa = PBXFileReference; lastKnownFileType = text.plist.strings; name = en; path = en.lproj/InfoPlist.strings; sourceTree = "<group>"; };
		88170CCA17AB1A4D0059FE25 /* main.m */ = {isa = PBXFileReference; lastKnownFileType = sourcecode.c.objc; path = main.m; sourceTree = "<group>"; };
		88170CCC17AB1A4D0059FE25 /* ToothFairy-Prefix.pch */ = {isa = PBXFileReference; lastKnownFileType = sourcecode.c.h; path = "ToothFairy-Prefix.pch"; sourceTree = "<group>"; };
		88170CCD17AB1A4D0059FE25 /* TFAppDelegate.h */ = {isa = PBXFileReference; lastKnownFileType = sourcecode.c.h; path = TFAppDelegate.h; sourceTree = "<group>"; };
		88170CCE17AB1A4D0059FE25 /* TFAppDelegate.m */ = {isa = PBXFileReference; lastKnownFileType = sourcecode.c.objc; path = TFAppDelegate.m; sourceTree = "<group>"; };
		88170CD017AB1A4D0059FE25 /* Default.png */ = {isa = PBXFileReference; lastKnownFileType = image.png; path = Default.png; sourceTree = "<group>"; };
		88170CD217AB1A4D0059FE25 /* Default@2x.png */ = {isa = PBXFileReference; lastKnownFileType = image.png; path = "Default@2x.png"; sourceTree = "<group>"; };
		88170CD417AB1A4D0059FE25 /* Default-568h@2x.png */ = {isa = PBXFileReference; lastKnownFileType = image.png; path = "Default-568h@2x.png"; sourceTree = "<group>"; };
		88170CD717AB1A4D0059FE25 /* en */ = {isa = PBXFileReference; lastKnownFileType = file.storyboard; name = en; path = en.lproj/MainStoryboard.storyboard; sourceTree = "<group>"; };
		88170CD917AB1A4D0059FE25 /* TFViewController.h */ = {isa = PBXFileReference; lastKnownFileType = sourcecode.c.h; path = TFViewController.h; sourceTree = "<group>"; };
		88170CDA17AB1A4D0059FE25 /* TFViewController.m */ = {isa = PBXFileReference; lastKnownFileType = sourcecode.c.objc; path = TFViewController.m; sourceTree = "<group>"; };
		88170CE717AB2E470059FE25 /* TFGenderTableViewController.h */ = {isa = PBXFileReference; fileEncoding = 4; lastKnownFileType = sourcecode.c.h; path = TFGenderTableViewController.h; sourceTree = "<group>"; };
		88170CE817AB2E470059FE25 /* TFGenderTableViewController.m */ = {isa = PBXFileReference; fileEncoding = 4; lastKnownFileType = sourcecode.c.objc; path = TFGenderTableViewController.m; sourceTree = "<group>"; };
		88170CEA17AB2E620059FE25 /* TFGenderViewController.h */ = {isa = PBXFileReference; fileEncoding = 4; lastKnownFileType = sourcecode.c.h; path = TFGenderViewController.h; sourceTree = "<group>"; };
		88170CEB17AB2E620059FE25 /* TFGenderViewController.m */ = {isa = PBXFileReference; fileEncoding = 4; lastKnownFileType = sourcecode.c.objc; path = TFGenderViewController.m; sourceTree = "<group>"; };
		88170CED17AB35FD0059FE25 /* plane.png */ = {isa = PBXFileReference; lastKnownFileType = image.png; path = plane.png; sourceTree = "<group>"; };
		88170CF017AB44C50059FE25 /* TFModel.h */ = {isa = PBXFileReference; fileEncoding = 4; lastKnownFileType = sourcecode.c.h; path = TFModel.h; sourceTree = "<group>"; };
		88170CF117AB44C50059FE25 /* TFModel.m */ = {isa = PBXFileReference; fileEncoding = 4; lastKnownFileType = sourcecode.c.objc; path = TFModel.m; sourceTree = "<group>"; };
		88170CF317AB49690059FE25 /* TFBaseViewController.h */ = {isa = PBXFileReference; fileEncoding = 4; lastKnownFileType = sourcecode.c.h; path = TFBaseViewController.h; sourceTree = "<group>"; };
		88170CF417AB49690059FE25 /* TFBaseViewController.m */ = {isa = PBXFileReference; fileEncoding = 4; lastKnownFileType = sourcecode.c.objc; path = TFBaseViewController.m; sourceTree = "<group>"; };
		88170CF617AB4B690059FE25 /* TFBaseTableViewController.h */ = {isa = PBXFileReference; fileEncoding = 4; lastKnownFileType = sourcecode.c.h; path = TFBaseTableViewController.h; sourceTree = "<group>"; };
		88170CF717AB4B690059FE25 /* TFBaseTableViewController.m */ = {isa = PBXFileReference; fileEncoding = 4; lastKnownFileType = sourcecode.c.objc; path = TFBaseTableViewController.m; sourceTree = "<group>"; };
		88170CFC17AC1ED30059FE25 /* TFConstants.h */ = {isa = PBXFileReference; fileEncoding = 4; lastKnownFileType = sourcecode.c.h; path = TFConstants.h; sourceTree = "<group>"; };
		88170CFD17AC1ED30059FE25 /* TFConstants.m */ = {isa = PBXFileReference; fileEncoding = 4; lastKnownFileType = sourcecode.c.objc; path = TFConstants.m; sourceTree = "<group>"; };
		88170CFF17AC33CD0059FE25 /* cellCheckmark.png */ = {isa = PBXFileReference; lastKnownFileType = image.png; path = cellCheckmark.png; sourceTree = "<group>"; };
		88170D0717AC4D2A0059FE25 /* TFEducationTableViewController.h */ = {isa = PBXFileReference; fileEncoding = 4; lastKnownFileType = sourcecode.c.h; name = TFEducationTableViewController.h; path = ../TFEducationTableViewController.h; sourceTree = "<group>"; };
		88170D0817AC4D2A0059FE25 /* TFEducationTableViewController.m */ = {isa = PBXFileReference; fileEncoding = 4; lastKnownFileType = sourcecode.c.objc; name = TFEducationTableViewController.m; path = ../TFEducationTableViewController.m; sourceTree = "<group>"; };
		88170D0A17AC51650059FE25 /* TFEducationViewController.h */ = {isa = PBXFileReference; fileEncoding = 4; lastKnownFileType = sourcecode.c.h; name = TFEducationViewController.h; path = ../TFEducationViewController.h; sourceTree = "<group>"; };
		88170D0B17AC51650059FE25 /* TFEducationViewController.m */ = {isa = PBXFileReference; fileEncoding = 4; lastKnownFileType = sourcecode.c.objc; name = TFEducationViewController.m; path = ../TFEducationViewController.m; sourceTree = "<group>"; };
		88170D0D17AC69500059FE25 /* TFAgeViewController.h */ = {isa = PBXFileReference; fileEncoding = 4; lastKnownFileType = sourcecode.c.h; path = TFAgeViewController.h; sourceTree = "<group>"; };
		88170D0E17AC69500059FE25 /* TFAgeViewController.m */ = {isa = PBXFileReference; fileEncoding = 4; lastKnownFileType = sourcecode.c.objc; path = TFAgeViewController.m; sourceTree = "<group>"; };
		88170D1017AC69650059FE25 /* TFIncomeViewController.h */ = {isa = PBXFileReference; fileEncoding = 4; lastKnownFileType = sourcecode.c.h; path = TFIncomeViewController.h; sourceTree = "<group>"; };
		88170D1117AC69650059FE25 /* TFIncomeViewController.m */ = {isa = PBXFileReference; fileEncoding = 4; lastKnownFileType = sourcecode.c.objc; path = TFIncomeViewController.m; sourceTree = "<group>"; };
		88170D1317AC7B4B0059FE25 /* startBackground.png */ = {isa = PBXFileReference; lastKnownFileType = image.png; path = startBackground.png; sourceTree = "<group>"; };
		88170D1517AC7FCC0059FE25 /* TFStartViewController.h */ = {isa = PBXFileReference; fileEncoding = 4; lastKnownFileType = sourcecode.c.h; path = TFStartViewController.h; sourceTree = "<group>"; };
		88170D1617AC7FCD0059FE25 /* TFStartViewController.m */ = {isa = PBXFileReference; fileEncoding = 4; lastKnownFileType = sourcecode.c.objc; path = TFStartViewController.m; sourceTree = "<group>"; };
		88170D1817AC9AB90059FE25 /* QuartzCore.framework */ = {isa = PBXFileReference; lastKnownFileType = wrapper.framework; name = QuartzCore.framework; path = System/Library/Frameworks/QuartzCore.framework; sourceTree = SDKROOT; };
		88170D1B17AC9C820059FE25 /* TRSDialScrollView.h */ = {isa = PBXFileReference; fileEncoding = 4; lastKnownFileType = sourcecode.c.h; path = TRSDialScrollView.h; sourceTree = "<group>"; };
		88170D1C17AC9C820059FE25 /* TRSDialScrollView.m */ = {isa = PBXFileReference; fileEncoding = 4; lastKnownFileType = sourcecode.c.objc; path = TRSDialScrollView.m; sourceTree = "<group>"; };
		88170D1D17AC9C820059FE25 /* TRSDialView.h */ = {isa = PBXFileReference; fileEncoding = 4; lastKnownFileType = sourcecode.c.h; path = TRSDialView.h; sourceTree = "<group>"; };
		88170D1E17AC9C820059FE25 /* TRSDialView.m */ = {isa = PBXFileReference; fileEncoding = 4; lastKnownFileType = sourcecode.c.objc; path = TRSDialView.m; sourceTree = "<group>"; };
		88170D2117AC9DEF0059FE25 /* DialShading.png */ = {isa = PBXFileReference; lastKnownFileType = image.png; path = DialShading.png; sourceTree = "<group>"; };
		88170D2217AC9DEF0059FE25 /* DialBackground.png */ = {isa = PBXFileReference; lastKnownFileType = image.png; path = DialBackground.png; sourceTree = "<group>"; };
		88170D2517AF76050059FE25 /* downArrow@2x.png */ = {isa = PBXFileReference; lastKnownFileType = image.png; path = "downArrow@2x.png"; sourceTree = "<group>"; };
		88170D2717AFFA750059FE25 /* startButtonNormal@2x.png */ = {isa = PBXFileReference; lastKnownFileType = image.png; path = "startButtonNormal@2x.png"; sourceTree = "<group>"; };
		88170D2817AFFA760059FE25 /* startButtonPressed@2x.png */ = {isa = PBXFileReference; lastKnownFileType = image.png; path = "startButtonPressed@2x.png"; sourceTree = "<group>"; };
		88170D2B17B004570059FE25 /* startButtonNormal.png */ = {isa = PBXFileReference; lastKnownFileType = image.png; path = startButtonNormal.png; sourceTree = "<group>"; };
		88170D2C17B004580059FE25 /* startButtonPressed.png */ = {isa = PBXFileReference; lastKnownFileType = image.png; path = startButtonPressed.png; sourceTree = "<group>"; };
		885B8AC317B00899009284D2 /* HelveticaRoundedLTStd-Black.otf */ = {isa = PBXFileReference; lastKnownFileType = file; path = "HelveticaRoundedLTStd-Black.otf"; sourceTree = "<group>"; };
		885B8AC517B00899009284D2 /* HelveticaRoundedLTStd-Bd.otf */ = {isa = PBXFileReference; lastKnownFileType = file; path = "HelveticaRoundedLTStd-Bd.otf"; sourceTree = "<group>"; };
		885B8AC717B00899009284D2 /* HelveticaRoundedLTStd-BdO.otf */ = {isa = PBXFileReference; lastKnownFileType = file; path = "HelveticaRoundedLTStd-BdO.otf"; sourceTree = "<group>"; };
		885B8B0717B0195F009284D2 /* toofFairyLogo.png */ = {isa = PBXFileReference; lastKnownFileType = image.png; path = toofFairyLogo.png; sourceTree = "<group>"; };
		885B8B0817B0195F009284D2 /* toofFairyLogo@2x.png */ = {isa = PBXFileReference; lastKnownFileType = image.png; path = "toofFairyLogo@2x.png"; sourceTree = "<group>"; };
		885B8B0B17B01CA3009284D2 /* startViewBackgroundComposed.png */ = {isa = PBXFileReference; lastKnownFileType = image.png; path = startViewBackgroundComposed.png; sourceTree = "<group>"; };
		885B8B0C17B01CA3009284D2 /* startViewBackgroundComposed@2x.png */ = {isa = PBXFileReference; lastKnownFileType = image.png; path = "startViewBackgroundComposed@2x.png"; sourceTree = "<group>"; };
		885B8B0F17B02B04009284D2 /* genderViewBackgroundComposed.png */ = {isa = PBXFileReference; lastKnownFileType = image.png; path = genderViewBackgroundComposed.png; sourceTree = "<group>"; };
		885B8B1017B02B04009284D2 /* genderViewBackgroundComposed@2x.png */ = {isa = PBXFileReference; lastKnownFileType = image.png; path = "genderViewBackgroundComposed@2x.png"; sourceTree = "<group>"; };
		885B8B1317B02E15009284D2 /* cellCheckmark.png */ = {isa = PBXFileReference; lastKnownFileType = image.png; path = cellCheckmark.png; sourceTree = "<group>"; };
		885B8B1417B02E15009284D2 /* cellCheckmark@2x.png */ = {isa = PBXFileReference; lastKnownFileType = image.png; path = "cellCheckmark@2x.png"; sourceTree = "<group>"; };
		885B8B1817B04CA4009284D2 /* backgroundInterior.png */ = {isa = PBXFileReference; lastKnownFileType = image.png; path = backgroundInterior.png; sourceTree = "<group>"; };
		885B8B1D17B04DF8009284D2 /* backgroundInterior-568h@2x.png */ = {isa = PBXFileReference; lastKnownFileType = image.png; path = "backgroundInterior-568h@2x.png"; sourceTree = "<group>"; };
		885B8B1F17B04E5D009284D2 /* backgroundInterior@2x.png */ = {isa = PBXFileReference; lastKnownFileType = image.png; path = "backgroundInterior@2x.png"; sourceTree = "<group>"; };
		885B8B2117B05B51009284D2 /* backgroundTileBlue.png */ = {isa = PBXFileReference; lastKnownFileType = image.png; path = backgroundTileBlue.png; sourceTree = "<group>"; };
		885B8B2417B0B21B009284D2 /* StyledTableViewCell.h */ = {isa = PBXFileReference; fileEncoding = 4; lastKnownFileType = sourcecode.c.h; path = StyledTableViewCell.h; sourceTree = "<group>"; };
		885B8B2517B0B21B009284D2 /* StyledTableViewCell.m */ = {isa = PBXFileReference; fileEncoding = 4; lastKnownFileType = sourcecode.c.objc; path = StyledTableViewCell.m; sourceTree = "<group>"; };
		885B8B2817B0C042009284D2 /* dottedLine.png */ = {isa = PBXFileReference; lastKnownFileType = image.png; path = dottedLine.png; sourceTree = "<group>"; };
		885B8B2A17B0C584009284D2 /* backgroundTileBlueDotted.png */ = {isa = PBXFileReference; lastKnownFileType = image.png; path = backgroundTileBlueDotted.png; sourceTree = "<group>"; };
		885B8B2C17B2010E009284D2 /* downArrow.png */ = {isa = PBXFileReference; lastKnownFileType = image.png; path = downArrow.png; sourceTree = "<group>"; };
		885B8B2D17B2010E009284D2 /* downArrow@2x.png */ = {isa = PBXFileReference; lastKnownFileType = image.png; path = "downArrow@2x.png"; sourceTree = "<group>"; };
		885B8BA317B414C8009284D2 /* TFCell.xib */ = {isa = PBXFileReference; fileEncoding = 4; lastKnownFileType = file.xib; path = TFCell.xib; sourceTree = "<group>"; };
		885B8BA517B4150E009284D2 /* TFCell.h */ = {isa = PBXFileReference; fileEncoding = 4; lastKnownFileType = sourcecode.c.h; path = TFCell.h; sourceTree = "<group>"; };
		885B8BA617B4150F009284D2 /* TFCell.m */ = {isa = PBXFileReference; fileEncoding = 4; lastKnownFileType = sourcecode.c.objc; path = TFCell.m; sourceTree = "<group>"; };
/* End PBXFileReference section */

/* Begin PBXFrameworksBuildPhase section */
		88170CB817AB1A4D0059FE25 /* Frameworks */ = {
			isa = PBXFrameworksBuildPhase;
			buildActionMask = 2147483647;
			files = (
				88170D1917AC9AB90059FE25 /* QuartzCore.framework in Frameworks */,
				88170CBF17AB1A4D0059FE25 /* UIKit.framework in Frameworks */,
				88170CC117AB1A4D0059FE25 /* Foundation.framework in Frameworks */,
				88170CC317AB1A4D0059FE25 /* CoreGraphics.framework in Frameworks */,
			);
			runOnlyForDeploymentPostprocessing = 0;
		};
/* End PBXFrameworksBuildPhase section */

/* Begin PBXGroup section */
		88170CB217AB1A4D0059FE25 = {
			isa = PBXGroup;
			children = (
				88170CC417AB1A4D0059FE25 /* ToothFairy */,
				88170CBD17AB1A4D0059FE25 /* Frameworks */,
				88170CBC17AB1A4D0059FE25 /* Products */,
			);
			sourceTree = "<group>";
		};
		88170CBC17AB1A4D0059FE25 /* Products */ = {
			isa = PBXGroup;
			children = (
				88170CBB17AB1A4D0059FE25 /* ToothFairy.app */,
			);
			name = Products;
			sourceTree = "<group>";
		};
		88170CBD17AB1A4D0059FE25 /* Frameworks */ = {
			isa = PBXGroup;
			children = (
				88170D1817AC9AB90059FE25 /* QuartzCore.framework */,
				88170CBE17AB1A4D0059FE25 /* UIKit.framework */,
				88170CC017AB1A4D0059FE25 /* Foundation.framework */,
				88170CC217AB1A4D0059FE25 /* CoreGraphics.framework */,
			);
			name = Frameworks;
			sourceTree = "<group>";
		};
		88170CC417AB1A4D0059FE25 /* ToothFairy */ = {
			isa = PBXGroup;
			children = (
				88170CCD17AB1A4D0059FE25 /* TFAppDelegate.h */,
				88170CCE17AB1A4D0059FE25 /* TFAppDelegate.m */,
				88170CF917AB4B720059FE25 /* Base */,
				88170CD617AB1A4D0059FE25 /* MainStoryboard.storyboard */,
				88170CFB17AB4B990059FE25 /* Controler */,
				885B8B2717B0B245009284D2 /* Third Party */,
				88170CFA17AB4B820059FE25 /* Model */,
				88170CC517AB1A4D0059FE25 /* Supporting Files */,
			);
			path = ToothFairy;
			sourceTree = "<group>";
		};
		88170CC517AB1A4D0059FE25 /* Supporting Files */ = {
			isa = PBXGroup;
			children = (
				885B8B0617B008A5009284D2 /* Fonts */,
				88170CEF17AB36020059FE25 /* Images */,
				88170CC617AB1A4D0059FE25 /* ToothFairy-Info.plist */,
				88170CC717AB1A4D0059FE25 /* InfoPlist.strings */,
				88170CCA17AB1A4D0059FE25 /* main.m */,
				88170CCC17AB1A4D0059FE25 /* ToothFairy-Prefix.pch */,
				88170CD017AB1A4D0059FE25 /* Default.png */,
				88170CD217AB1A4D0059FE25 /* Default@2x.png */,
				88170CD417AB1A4D0059FE25 /* Default-568h@2x.png */,
			);
			name = "Supporting Files";
			sourceTree = "<group>";
		};
		88170CEF17AB36020059FE25 /* Images */ = {
			isa = PBXGroup;
			children = (
				885B8B2C17B2010E009284D2 /* downArrow.png */,
				885B8B2D17B2010E009284D2 /* downArrow@2x.png */,
				885B8B2A17B0C584009284D2 /* backgroundTileBlueDotted.png */,
				885B8B2817B0C042009284D2 /* dottedLine.png */,
				885B8B2117B05B51009284D2 /* backgroundTileBlue.png */,
				885B8B1F17B04E5D009284D2 /* backgroundInterior@2x.png */,
				885B8B1D17B04DF8009284D2 /* backgroundInterior-568h@2x.png */,
				885B8B1817B04CA4009284D2 /* backgroundInterior.png */,
				885B8B1317B02E15009284D2 /* cellCheckmark.png */,
				885B8B1417B02E15009284D2 /* cellCheckmark@2x.png */,
				885B8B0B17B01CA3009284D2 /* startViewBackgroundComposed.png */,
				885B8B0F17B02B04009284D2 /* genderViewBackgroundComposed.png */,
				885B8B1017B02B04009284D2 /* genderViewBackgroundComposed@2x.png */,
				885B8B0C17B01CA3009284D2 /* startViewBackgroundComposed@2x.png */,
				885B8B0717B0195F009284D2 /* toofFairyLogo.png */,
				885B8B0817B0195F009284D2 /* toofFairyLogo@2x.png */,
				88170D2B17B004570059FE25 /* startButtonNormal.png */,
				88170D2C17B004580059FE25 /* startButtonPressed.png */,
				88170D2717AFFA750059FE25 /* startButtonNormal@2x.png */,
				88170D2817AFFA760059FE25 /* startButtonPressed@2x.png */,
				88170D2517AF76050059FE25 /* downArrow@2x.png */,
				88170D2117AC9DEF0059FE25 /* DialShading.png */,
				88170D2217AC9DEF0059FE25 /* DialBackground.png */,
				88170D1317AC7B4B0059FE25 /* startBackground.png */,
				88170CFF17AC33CD0059FE25 /* cellCheckmark.png */,
				88170CED17AB35FD0059FE25 /* plane.png */,
			);
			name = Images;
			sourceTree = "<group>";
		};
		88170CF917AB4B720059FE25 /* Base */ = {
			isa = PBXGroup;
			children = (
				885B8BA317B414C8009284D2 /* TFCell.xib */,
				885B8BA517B4150E009284D2 /* TFCell.h */,
				885B8BA617B4150F009284D2 /* TFCell.m */,
				88170CF317AB49690059FE25 /* TFBaseViewController.h */,
				88170CF417AB49690059FE25 /* TFBaseViewController.m */,
				88170CF617AB4B690059FE25 /* TFBaseTableViewController.h */,
				88170CF717AB4B690059FE25 /* TFBaseTableViewController.m */,
				88170CFC17AC1ED30059FE25 /* TFConstants.h */,
				88170CFD17AC1ED30059FE25 /* TFConstants.m */,
			);
			name = Base;
			sourceTree = "<group>";
		};
		88170CFA17AB4B820059FE25 /* Model */ = {
			isa = PBXGroup;
			children = (
				88170CF017AB44C50059FE25 /* TFModel.h */,
				88170CF117AB44C50059FE25 /* TFModel.m */,
			);
			name = Model;
			sourceTree = "<group>";
		};
		88170CFB17AB4B990059FE25 /* Controler */ = {
			isa = PBXGroup;
			children = (
				88170D1517AC7FCC0059FE25 /* TFStartViewController.h */,
				88170D1617AC7FCD0059FE25 /* TFStartViewController.m */,
				88170D0A17AC51650059FE25 /* TFEducationViewController.h */,
				88170D0B17AC51650059FE25 /* TFEducationViewController.m */,
				88170D0717AC4D2A0059FE25 /* TFEducationTableViewController.h */,
				88170D0817AC4D2A0059FE25 /* TFEducationTableViewController.m */,
				88170D0D17AC69500059FE25 /* TFAgeViewController.h */,
				88170D0E17AC69500059FE25 /* TFAgeViewController.m */,
				88170D1017AC69650059FE25 /* TFIncomeViewController.h */,
				88170D1117AC69650059FE25 /* TFIncomeViewController.m */,
				88170CE717AB2E470059FE25 /* TFGenderTableViewController.h */,
				88170CE817AB2E470059FE25 /* TFGenderTableViewController.m */,
				88170CEA17AB2E620059FE25 /* TFGenderViewController.h */,
				88170CEB17AB2E620059FE25 /* TFGenderViewController.m */,
				88170CD917AB1A4D0059FE25 /* TFViewController.h */,
				88170CDA17AB1A4D0059FE25 /* TFViewController.m */,
			);
			name = Controler;
			sourceTree = "<group>";
		};
		88170D1A17AC9C820059FE25 /* TRSDialScrollView */ = {
			isa = PBXGroup;
			children = (
				88170D1B17AC9C820059FE25 /* TRSDialScrollView.h */,
				88170D1C17AC9C820059FE25 /* TRSDialScrollView.m */,
				88170D1D17AC9C820059FE25 /* TRSDialView.h */,
				88170D1E17AC9C820059FE25 /* TRSDialView.m */,
			);
			name = TRSDialScrollView;
			path = ../TRSDialScrollView;
			sourceTree = "<group>";
		};
		885B8AC117B00899009284D2 /* HelveticaRound */ = {
			isa = PBXGroup;
			children = (
				885B8AC217B00899009284D2 /* Helvetica Rounded LT Std Black */,
				885B8AC417B00899009284D2 /* Helvetica Rounded LT Std Bold */,
				885B8AC617B00899009284D2 /* Helvetica Rounded LT Std Bold Oblique */,
			);
			path = HelveticaRound;
			sourceTree = "<group>";
		};
		885B8AC217B00899009284D2 /* Helvetica Rounded LT Std Black */ = {
			isa = PBXGroup;
			children = (
				885B8AC317B00899009284D2 /* HelveticaRoundedLTStd-Black.otf */,
			);
			path = "Helvetica Rounded LT Std Black";
			sourceTree = "<group>";
		};
		885B8AC417B00899009284D2 /* Helvetica Rounded LT Std Bold */ = {
			isa = PBXGroup;
			children = (
				885B8AC517B00899009284D2 /* HelveticaRoundedLTStd-Bd.otf */,
			);
			path = "Helvetica Rounded LT Std Bold";
			sourceTree = "<group>";
		};
		885B8AC617B00899009284D2 /* Helvetica Rounded LT Std Bold Oblique */ = {
			isa = PBXGroup;
			children = (
				885B8AC717B00899009284D2 /* HelveticaRoundedLTStd-BdO.otf */,
			);
			path = "Helvetica Rounded LT Std Bold Oblique";
			sourceTree = "<group>";
		};
		885B8B0617B008A5009284D2 /* Fonts */ = {
			isa = PBXGroup;
			children = (
				885B8AC117B00899009284D2 /* HelveticaRound */,
			);
			name = Fonts;
			sourceTree = "<group>";
		};
		885B8B2317B0B21B009284D2 /* StyledTableViewCell */ = {
			isa = PBXGroup;
			children = (
				885B8B2417B0B21B009284D2 /* StyledTableViewCell.h */,
				885B8B2517B0B21B009284D2 /* StyledTableViewCell.m */,
			);
			name = StyledTableViewCell;
			path = ../StyledTableViewCell;
			sourceTree = "<group>";
		};
		885B8B2717B0B245009284D2 /* Third Party */ = {
			isa = PBXGroup;
			children = (
				885B8B2317B0B21B009284D2 /* StyledTableViewCell */,
				88170D1A17AC9C820059FE25 /* TRSDialScrollView */,
			);
			name = "Third Party";
			sourceTree = "<group>";
		};
/* End PBXGroup section */

/* Begin PBXNativeTarget section */
		88170CBA17AB1A4D0059FE25 /* ToothFairy */ = {
			isa = PBXNativeTarget;
			buildConfigurationList = 88170CDE17AB1A4D0059FE25 /* Build configuration list for PBXNativeTarget "ToothFairy" */;
			buildPhases = (
				88170CB717AB1A4D0059FE25 /* Sources */,
				88170CB817AB1A4D0059FE25 /* Frameworks */,
				88170CB917AB1A4D0059FE25 /* Resources */,
			);
			buildRules = (
			);
			dependencies = (
			);
			name = ToothFairy;
			productName = ToothFairy;
			productReference = 88170CBB17AB1A4D0059FE25 /* ToothFairy.app */;
			productType = "com.apple.product-type.application";
		};
/* End PBXNativeTarget section */

/* Begin PBXProject section */
		88170CB317AB1A4D0059FE25 /* Project object */ = {
			isa = PBXProject;
			attributes = {
				CLASSPREFIX = TF;
				LastUpgradeCheck = 0460;
				ORGANIZATIONNAME = sevendesign;
			};
			buildConfigurationList = 88170CB617AB1A4D0059FE25 /* Build configuration list for PBXProject "ToothFairy" */;
			compatibilityVersion = "Xcode 3.2";
			developmentRegion = English;
			hasScannedForEncodings = 0;
			knownRegions = (
				en,
			);
			mainGroup = 88170CB217AB1A4D0059FE25;
			productRefGroup = 88170CBC17AB1A4D0059FE25 /* Products */;
			projectDirPath = "";
			projectRoot = "";
			targets = (
				88170CBA17AB1A4D0059FE25 /* ToothFairy */,
			);
		};
/* End PBXProject section */

/* Begin PBXResourcesBuildPhase section */
		88170CB917AB1A4D0059FE25 /* Resources */ = {
			isa = PBXResourcesBuildPhase;
			buildActionMask = 2147483647;
			files = (
				88170CC917AB1A4D0059FE25 /* InfoPlist.strings in Resources */,
				88170CD117AB1A4D0059FE25 /* Default.png in Resources */,
				88170CD317AB1A4D0059FE25 /* Default@2x.png in Resources */,
				88170CD517AB1A4D0059FE25 /* Default-568h@2x.png in Resources */,
				88170CD817AB1A4D0059FE25 /* MainStoryboard.storyboard in Resources */,
				88170CEE17AB35FD0059FE25 /* plane.png in Resources */,
				88170D0017AC33CD0059FE25 /* cellCheckmark.png in Resources */,
				88170D1417AC7B4B0059FE25 /* startBackground.png in Resources */,
				88170D2317AC9DEF0059FE25 /* DialShading.png in Resources */,
				88170D2417AC9DEF0059FE25 /* DialBackground.png in Resources */,
				88170D2617AF76060059FE25 /* downArrow@2x.png in Resources */,
				88170D2917AFFA760059FE25 /* startButtonNormal@2x.png in Resources */,
				88170D2A17AFFA760059FE25 /* startButtonPressed@2x.png in Resources */,
				88170D2D17B004580059FE25 /* startButtonNormal.png in Resources */,
				88170D2E17B004580059FE25 /* startButtonPressed.png in Resources */,
				885B8AE617B00899009284D2 /* HelveticaRoundedLTStd-Black.otf in Resources */,
				885B8AE717B00899009284D2 /* HelveticaRoundedLTStd-Bd.otf in Resources */,
				885B8AE817B00899009284D2 /* HelveticaRoundedLTStd-BdO.otf in Resources */,
				885B8B0917B0195F009284D2 /* toofFairyLogo.png in Resources */,
				885B8B0A17B0195F009284D2 /* toofFairyLogo@2x.png in Resources */,
				885B8B0D17B01CA3009284D2 /* startViewBackgroundComposed.png in Resources */,
				885B8B0E17B01CA3009284D2 /* startViewBackgroundComposed@2x.png in Resources */,
				885B8B1117B02B04009284D2 /* genderViewBackgroundComposed.png in Resources */,
				885B8B1217B02B04009284D2 /* genderViewBackgroundComposed@2x.png in Resources */,
				885B8B1617B02E15009284D2 /* cellCheckmark@2x.png in Resources */,
				885B8B1B17B04CA4009284D2 /* backgroundInterior.png in Resources */,
				885B8B1E17B04DF8009284D2 /* backgroundInterior-568h@2x.png in Resources */,
				885B8B2017B04E5D009284D2 /* backgroundInterior@2x.png in Resources */,
				885B8B2217B05B51009284D2 /* backgroundTileBlue.png in Resources */,
				885B8B2917B0C042009284D2 /* dottedLine.png in Resources */,
				885B8B2B17B0C584009284D2 /* backgroundTileBlueDotted.png in Resources */,
				885B8B2E17B2010E009284D2 /* downArrow.png in Resources */,
				885B8B2F17B2010E009284D2 /* downArrow@2x.png in Resources */,
				885B8BA417B414C9009284D2 /* TFCell.xib in Resources */,
			);
			runOnlyForDeploymentPostprocessing = 0;
		};
/* End PBXResourcesBuildPhase section */

/* Begin PBXSourcesBuildPhase section */
		88170CB717AB1A4D0059FE25 /* Sources */ = {
			isa = PBXSourcesBuildPhase;
			buildActionMask = 2147483647;
			files = (
				88170CCB17AB1A4D0059FE25 /* main.m in Sources */,
				88170CCF17AB1A4D0059FE25 /* TFAppDelegate.m in Sources */,
				88170CDB17AB1A4D0059FE25 /* TFViewController.m in Sources */,
				88170CE917AB2E470059FE25 /* TFGenderTableViewController.m in Sources */,
				88170CEC17AB2E620059FE25 /* TFGenderViewController.m in Sources */,
				88170CF217AB44C50059FE25 /* TFModel.m in Sources */,
				88170CF517AB49690059FE25 /* TFBaseViewController.m in Sources */,
				88170CF817AB4B690059FE25 /* TFBaseTableViewController.m in Sources */,
				88170CFE17AC1ED30059FE25 /* TFConstants.m in Sources */,
				88170D0917AC4D2A0059FE25 /* TFEducationTableViewController.m in Sources */,
				88170D0C17AC51650059FE25 /* TFEducationViewController.m in Sources */,
				88170D0F17AC69510059FE25 /* TFAgeViewController.m in Sources */,
				88170D1217AC69660059FE25 /* TFIncomeViewController.m in Sources */,
				88170D1717AC7FCE0059FE25 /* TFStartViewController.m in Sources */,
				88170D1F17AC9C820059FE25 /* TRSDialScrollView.m in Sources */,
				88170D2017AC9C820059FE25 /* TRSDialView.m in Sources */,
				885B8B2617B0B21B009284D2 /* StyledTableViewCell.m in Sources */,
				885B8BA717B4150F009284D2 /* TFCell.m in Sources */,
			);
			runOnlyForDeploymentPostprocessing = 0;
		};
/* End PBXSourcesBuildPhase section */

/* Begin PBXVariantGroup section */
		88170CC717AB1A4D0059FE25 /* InfoPlist.strings */ = {
			isa = PBXVariantGroup;
			children = (
				88170CC817AB1A4D0059FE25 /* en */,
			);
			name = InfoPlist.strings;
			sourceTree = "<group>";
		};
		88170CD617AB1A4D0059FE25 /* MainStoryboard.storyboard */ = {
			isa = PBXVariantGroup;
			children = (
				88170CD717AB1A4D0059FE25 /* en */,
			);
			name = MainStoryboard.storyboard;
			sourceTree = "<group>";
		};
/* End PBXVariantGroup section */

/* Begin XCBuildConfiguration section */
		88170CDC17AB1A4D0059FE25 /* Debug */ = {
			isa = XCBuildConfiguration;
			buildSettings = {
				ALWAYS_SEARCH_USER_PATHS = NO;
				CLANG_CXX_LANGUAGE_STANDARD = "gnu++0x";
				CLANG_CXX_LIBRARY = "libc++";
				CLANG_ENABLE_OBJC_ARC = YES;
				CLANG_WARN_CONSTANT_CONVERSION = YES;
				CLANG_WARN_EMPTY_BODY = YES;
				CLANG_WARN_ENUM_CONVERSION = YES;
				CLANG_WARN_INT_CONVERSION = YES;
				CLANG_WARN__DUPLICATE_METHOD_MATCH = YES;
				"CODE_SIGN_IDENTITY[sdk=iphoneos*]" = "iPhone Developer";
				COPY_PHASE_STRIP = NO;
				GCC_C_LANGUAGE_STANDARD = gnu99;
				GCC_DYNAMIC_NO_PIC = NO;
				GCC_OPTIMIZATION_LEVEL = 0;
				GCC_PREPROCESSOR_DEFINITIONS = (
					"DEBUG=1",
					"$(inherited)",
				);
				GCC_SYMBOLS_PRIVATE_EXTERN = NO;
				GCC_WARN_ABOUT_RETURN_TYPE = YES;
				GCC_WARN_UNINITIALIZED_AUTOS = YES;
				GCC_WARN_UNUSED_VARIABLE = YES;
				IPHONEOS_DEPLOYMENT_TARGET = 6.1;
				ONLY_ACTIVE_ARCH = YES;
				SDKROOT = iphoneos;
			};
			name = Debug;
		};
		88170CDD17AB1A4D0059FE25 /* Release */ = {
			isa = XCBuildConfiguration;
			buildSettings = {
				ALWAYS_SEARCH_USER_PATHS = NO;
				CLANG_CXX_LANGUAGE_STANDARD = "gnu++0x";
				CLANG_CXX_LIBRARY = "libc++";
				CLANG_ENABLE_OBJC_ARC = YES;
				CLANG_WARN_CONSTANT_CONVERSION = YES;
				CLANG_WARN_EMPTY_BODY = YES;
				CLANG_WARN_ENUM_CONVERSION = YES;
				CLANG_WARN_INT_CONVERSION = YES;
				CLANG_WARN__DUPLICATE_METHOD_MATCH = YES;
				"CODE_SIGN_IDENTITY[sdk=iphoneos*]" = "iPhone Developer";
				COPY_PHASE_STRIP = YES;
				GCC_C_LANGUAGE_STANDARD = gnu99;
				GCC_WARN_ABOUT_RETURN_TYPE = YES;
				GCC_WARN_UNINITIALIZED_AUTOS = YES;
				GCC_WARN_UNUSED_VARIABLE = YES;
				IPHONEOS_DEPLOYMENT_TARGET = 6.1;
				OTHER_CFLAGS = "-DNS_BLOCK_ASSERTIONS=1";
				SDKROOT = iphoneos;
				VALIDATE_PRODUCT = YES;
			};
			name = Release;
		};
		88170CDF17AB1A4D0059FE25 /* Debug */ = {
			isa = XCBuildConfiguration;
			buildSettings = {
				GCC_PRECOMPILE_PREFIX_HEADER = YES;
				GCC_PREFIX_HEADER = "ToothFairy/ToothFairy-Prefix.pch";
				INFOPLIST_FILE = "ToothFairy/ToothFairy-Info.plist";
				PRODUCT_NAME = "$(TARGET_NAME)";
				WRAPPER_EXTENSION = app;
			};
			name = Debug;
		};
		88170CE017AB1A4D0059FE25 /* Release */ = {
			isa = XCBuildConfiguration;
			buildSettings = {
				GCC_PRECOMPILE_PREFIX_HEADER = YES;
				GCC_PREFIX_HEADER = "ToothFairy/ToothFairy-Prefix.pch";
				INFOPLIST_FILE = "ToothFairy/ToothFairy-Info.plist";
				PRODUCT_NAME = "$(TARGET_NAME)";
				WRAPPER_EXTENSION = app;
			};
			name = Release;
		};
/* End XCBuildConfiguration section */

/* Begin XCConfigurationList section */
		88170CB617AB1A4D0059FE25 /* Build configuration list for PBXProject "ToothFairy" */ = {
			isa = XCConfigurationList;
			buildConfigurations = (
				88170CDC17AB1A4D0059FE25 /* Debug */,
				88170CDD17AB1A4D0059FE25 /* Release */,
			);
			defaultConfigurationIsVisible = 0;
			defaultConfigurationName = Release;
		};
		88170CDE17AB1A4D0059FE25 /* Build configuration list for PBXNativeTarget "ToothFairy" */ = {
			isa = XCConfigurationList;
			buildConfigurations = (
				88170CDF17AB1A4D0059FE25 /* Debug */,
				88170CE017AB1A4D0059FE25 /* Release */,
			);
			defaultConfigurationIsVisible = 0;
			defaultConfigurationName = Release;
		};
/* End XCConfigurationList section */
	};
	rootObject = 88170CB317AB1A4D0059FE25 /* Project object */;
}
